// !$*UTF8*$!
{
	archiveVersion = 1;
	classes = {
	};
	objectVersion = 46;
	objects = {

/* Begin PBXBuildFile section */
		F20E17AB14980E1D00F84220 /* UIKit.framework in Frameworks */ = {isa = PBXBuildFile; fileRef = F20E17AA14980E1D00F84220 /* UIKit.framework */; };
		F20E17AD14980E1D00F84220 /* Foundation.framework in Frameworks */ = {isa = PBXBuildFile; fileRef = F20E17AC14980E1D00F84220 /* Foundation.framework */; };
		F20E17AF14980E1D00F84220 /* CoreGraphics.framework in Frameworks */ = {isa = PBXBuildFile; fileRef = F20E17AE14980E1D00F84220 /* CoreGraphics.framework */; };
		F20E17B114980E1D00F84220 /* CoreData.framework in Frameworks */ = {isa = PBXBuildFile; fileRef = F20E17B014980E1D00F84220 /* CoreData.framework */; };
		F20E17B714980E1D00F84220 /* InfoPlist.strings in Resources */ = {isa = PBXBuildFile; fileRef = F20E17B514980E1D00F84220 /* InfoPlist.strings */; };
		F20E17B914980E1D00F84220 /* main.m in Sources */ = {isa = PBXBuildFile; fileRef = F20E17B814980E1D00F84220 /* main.m */; };
		F20E17BD14980E1D00F84220 /* AreWeThereYetAppDelegate.m in Sources */ = {isa = PBXBuildFile; fileRef = F20E17BC14980E1D00F84220 /* AreWeThereYetAppDelegate.m */; };
		F20E17C014980E1D00F84220 /* AreWeThereYet.xcdatamodeld in Sources */ = {isa = PBXBuildFile; fileRef = F20E17BE14980E1D00F84220 /* AreWeThereYet.xcdatamodeld */; };
		F20E17C714980E8500F84220 /* CityCycleRideLocations.plist in Resources */ = {isa = PBXBuildFile; fileRef = F20E17C614980E8500F84220 /* CityCycleRideLocations.plist */; };
		F20E17CB14980EED00F84220 /* MapView.m in Sources */ = {isa = PBXBuildFile; fileRef = F20E17C914980EED00F84220 /* MapView.m */; };
		F20E17CC14980EED00F84220 /* MapView.xib in Resources */ = {isa = PBXBuildFile; fileRef = F20E17CA14980EED00F84220 /* MapView.xib */; };
		F20E17CF14980F2000F84220 /* ListView.m in Sources */ = {isa = PBXBuildFile; fileRef = F20E17CE14980F2000F84220 /* ListView.m */; };
		F234E7AE1498B85E0034FB9B /* 103-map.png in Resources */ = {isa = PBXBuildFile; fileRef = F234E7AD1498B85D0034FB9B /* 103-map.png */; };
		F234E7B11498B86B0034FB9B /* 74-location.png in Resources */ = {isa = PBXBuildFile; fileRef = F234E7B01498B86A0034FB9B /* 74-location.png */; };
		F234E7B31498BA0C0034FB9B /* CoreLocation.framework in Frameworks */ = {isa = PBXBuildFile; fileRef = F234E7B21498BA0C0034FB9B /* CoreLocation.framework */; };
		F234E7B51498BA1A0034FB9B /* MapKit.framework in Frameworks */ = {isa = PBXBuildFile; fileRef = F234E7B41498BA1A0034FB9B /* MapKit.framework */; };
		F234E7B81498FBEE0034FB9B /* LocationEntityAnnotation.m in Sources */ = {isa = PBXBuildFile; fileRef = F234E7B71498FBEE0034FB9B /* LocationEntityAnnotation.m */; };
		F234E7C4149944F30034FB9B /* Entity.m in Sources */ = {isa = PBXBuildFile; fileRef = F234E7C3149944F30034FB9B /* Entity.m */; };
/* End PBXBuildFile section */

/* Begin PBXFileReference section */
		F20E17A614980E1D00F84220 /* AreWeThereYet.app */ = {isa = PBXFileReference; explicitFileType = wrapper.application; includeInIndex = 0; path = AreWeThereYet.app; sourceTree = BUILT_PRODUCTS_DIR; };
		F20E17AA14980E1D00F84220 /* UIKit.framework */ = {isa = PBXFileReference; lastKnownFileType = wrapper.framework; name = UIKit.framework; path = System/Library/Frameworks/UIKit.framework; sourceTree = SDKROOT; };
		F20E17AC14980E1D00F84220 /* Foundation.framework */ = {isa = PBXFileReference; lastKnownFileType = wrapper.framework; name = Foundation.framework; path = System/Library/Frameworks/Foundation.framework; sourceTree = SDKROOT; };
		F20E17AE14980E1D00F84220 /* CoreGraphics.framework */ = {isa = PBXFileReference; lastKnownFileType = wrapper.framework; name = CoreGraphics.framework; path = System/Library/Frameworks/CoreGraphics.framework; sourceTree = SDKROOT; };
		F20E17B014980E1D00F84220 /* CoreData.framework */ = {isa = PBXFileReference; lastKnownFileType = wrapper.framework; name = CoreData.framework; path = System/Library/Frameworks/CoreData.framework; sourceTree = SDKROOT; };
		F20E17B414980E1D00F84220 /* AreWeThereYet-Info.plist */ = {isa = PBXFileReference; lastKnownFileType = text.plist.xml; path = "AreWeThereYet-Info.plist"; sourceTree = "<group>"; };
		F20E17B614980E1D00F84220 /* en */ = {isa = PBXFileReference; lastKnownFileType = text.plist.strings; name = en; path = en.lproj/InfoPlist.strings; sourceTree = "<group>"; };
		F20E17B814980E1D00F84220 /* main.m */ = {isa = PBXFileReference; lastKnownFileType = sourcecode.c.objc; path = main.m; sourceTree = "<group>"; };
		F20E17BA14980E1D00F84220 /* AreWeThereYet-Prefix.pch */ = {isa = PBXFileReference; lastKnownFileType = sourcecode.c.h; path = "AreWeThereYet-Prefix.pch"; sourceTree = "<group>"; };
		F20E17BB14980E1D00F84220 /* AreWeThereYetAppDelegate.h */ = {isa = PBXFileReference; lastKnownFileType = sourcecode.c.h; path = AreWeThereYetAppDelegate.h; sourceTree = "<group>"; };
		F20E17BC14980E1D00F84220 /* AreWeThereYetAppDelegate.m */ = {isa = PBXFileReference; lastKnownFileType = sourcecode.c.objc; path = AreWeThereYetAppDelegate.m; sourceTree = "<group>"; };
		F20E17BF14980E1D00F84220 /* AreWeThereYet.xcdatamodel */ = {isa = PBXFileReference; lastKnownFileType = wrapper.xcdatamodel; path = AreWeThereYet.xcdatamodel; sourceTree = "<group>"; };
		F20E17C614980E8500F84220 /* CityCycleRideLocations.plist */ = {isa = PBXFileReference; fileEncoding = 4; lastKnownFileType = text.plist.xml; path = CityCycleRideLocations.plist; sourceTree = "<group>"; };
		F20E17C814980EED00F84220 /* MapView.h */ = {isa = PBXFileReference; fileEncoding = 4; lastKnownFileType = sourcecode.c.h; path = MapView.h; sourceTree = "<group>"; };
		F20E17C914980EED00F84220 /* MapView.m */ = {isa = PBXFileReference; fileEncoding = 4; lastKnownFileType = sourcecode.c.objc; path = MapView.m; sourceTree = "<group>"; };
		F20E17CA14980EED00F84220 /* MapView.xib */ = {isa = PBXFileReference; fileEncoding = 4; lastKnownFileType = file.xib; path = MapView.xib; sourceTree = "<group>"; };
		F20E17CD14980F2000F84220 /* ListView.h */ = {isa = PBXFileReference; fileEncoding = 4; lastKnownFileType = sourcecode.c.h; path = ListView.h; sourceTree = "<group>"; };
		F20E17CE14980F2000F84220 /* ListView.m */ = {isa = PBXFileReference; fileEncoding = 4; lastKnownFileType = sourcecode.c.objc; path = ListView.m; sourceTree = "<group>"; };
		F234E7AD1498B85D0034FB9B /* 103-map.png */ = {isa = PBXFileReference; lastKnownFileType = image.png; path = "103-map.png"; sourceTree = "<group>"; };
		F234E7B01498B86A0034FB9B /* 74-location.png */ = {isa = PBXFileReference; lastKnownFileType = image.png; path = "74-location.png"; sourceTree = "<group>"; };
		F234E7B21498BA0C0034FB9B /* CoreLocation.framework */ = {isa = PBXFileReference; lastKnownFileType = wrapper.framework; name = CoreLocation.framework; path = System/Library/Frameworks/CoreLocation.framework; sourceTree = SDKROOT; };
		F234E7B41498BA1A0034FB9B /* MapKit.framework */ = {isa = PBXFileReference; lastKnownFileType = wrapper.framework; name = MapKit.framework; path = System/Library/Frameworks/MapKit.framework; sourceTree = SDKROOT; };
		F234E7B61498FBEE0034FB9B /* LocationEntityAnnotation.h */ = {isa = PBXFileReference; fileEncoding = 4; lastKnownFileType = sourcecode.c.h; path = LocationEntityAnnotation.h; sourceTree = "<group>"; };
		F234E7B71498FBEE0034FB9B /* LocationEntityAnnotation.m */ = {isa = PBXFileReference; fileEncoding = 4; lastKnownFileType = sourcecode.c.objc; path = LocationEntityAnnotation.m; sourceTree = "<group>"; };
		F234E7C2149944F30034FB9B /* Entity.h */ = {isa = PBXFileReference; fileEncoding = 4; lastKnownFileType = sourcecode.c.h; path = Entity.h; sourceTree = "<group>"; };
		F234E7C3149944F30034FB9B /* Entity.m */ = {isa = PBXFileReference; fileEncoding = 4; lastKnownFileType = sourcecode.c.objc; path = Entity.m; sourceTree = "<group>"; };
/* End PBXFileReference section */

/* Begin PBXFrameworksBuildPhase section */
		F20E17A314980E1D00F84220 /* Frameworks */ = {
			isa = PBXFrameworksBuildPhase;
			buildActionMask = 2147483647;
			files = (
				F234E7B51498BA1A0034FB9B /* MapKit.framework in Frameworks */,
				F234E7B31498BA0C0034FB9B /* CoreLocation.framework in Frameworks */,
				F20E17AB14980E1D00F84220 /* UIKit.framework in Frameworks */,
				F20E17AD14980E1D00F84220 /* Foundation.framework in Frameworks */,
				F20E17AF14980E1D00F84220 /* CoreGraphics.framework in Frameworks */,
				F20E17B114980E1D00F84220 /* CoreData.framework in Frameworks */,
			);
			runOnlyForDeploymentPostprocessing = 0;
		};
/* End PBXFrameworksBuildPhase section */

/* Begin PBXGroup section */
		F20E179B14980E1D00F84220 = {
			isa = PBXGroup;
			children = (
				F234E7B41498BA1A0034FB9B /* MapKit.framework */,
				F234E7B21498BA0C0034FB9B /* CoreLocation.framework */,
				F20E17B214980E1D00F84220 /* AreWeThereYet */,
				F20E17A914980E1D00F84220 /* Frameworks */,
				F20E17A714980E1D00F84220 /* Products */,
			);
			sourceTree = "<group>";
		};
		F20E17A714980E1D00F84220 /* Products */ = {
			isa = PBXGroup;
			children = (
				F20E17A614980E1D00F84220 /* AreWeThereYet.app */,
			);
			name = Products;
			sourceTree = "<group>";
		};
		F20E17A914980E1D00F84220 /* Frameworks */ = {
			isa = PBXGroup;
			children = (
				F20E17AA14980E1D00F84220 /* UIKit.framework */,
				F20E17AC14980E1D00F84220 /* Foundation.framework */,
				F20E17AE14980E1D00F84220 /* CoreGraphics.framework */,
				F20E17B014980E1D00F84220 /* CoreData.framework */,
			);
			name = Frameworks;
			sourceTree = "<group>";
		};
		F20E17B214980E1D00F84220 /* AreWeThereYet */ = {
			isa = PBXGroup;
			children = (
				F234E7AD1498B85D0034FB9B /* 103-map.png */,
				F234E7B01498B86A0034FB9B /* 74-location.png */,
				F20E17BB14980E1D00F84220 /* AreWeThereYetAppDelegate.h */,
				F20E17BC14980E1D00F84220 /* AreWeThereYetAppDelegate.m */,
				F20E17BE14980E1D00F84220 /* AreWeThereYet.xcdatamodeld */,
				F234E7C2149944F30034FB9B /* Entity.h */,
				F234E7C3149944F30034FB9B /* Entity.m */,
				F20E17C814980EED00F84220 /* MapView.h */,
				F20E17C914980EED00F84220 /* MapView.m */,
				F20E17CA14980EED00F84220 /* MapView.xib */,
				F20E17CD14980F2000F84220 /* ListView.h */,
				F20E17CE14980F2000F84220 /* ListView.m */,
				F234E7B61498FBEE0034FB9B /* LocationEntityAnnotation.h */,
				F234E7B71498FBEE0034FB9B /* LocationEntityAnnotation.m */,
				F20E17B314980E1D00F84220 /* Supporting Files */,
			);
			path = AreWeThereYet;
			sourceTree = "<group>";
		};
		F20E17B314980E1D00F84220 /* Supporting Files */ = {
			isa = PBXGroup;
			children = (
				F20E17B414980E1D00F84220 /* AreWeThereYet-Info.plist */,
				F20E17C614980E8500F84220 /* CityCycleRideLocations.plist */,
				F20E17B514980E1D00F84220 /* InfoPlist.strings */,
				F20E17B814980E1D00F84220 /* main.m */,
				F20E17BA14980E1D00F84220 /* AreWeThereYet-Prefix.pch */,
			);
			name = "Supporting Files";
			sourceTree = "<group>";
		};
/* End PBXGroup section */

/* Begin PBXNativeTarget section */
		F20E17A514980E1D00F84220 /* AreWeThereYet */ = {
			isa = PBXNativeTarget;
			buildConfigurationList = F20E17C314980E1D00F84220 /* Build configuration list for PBXNativeTarget "AreWeThereYet" */;
			buildPhases = (
				F20E17A214980E1D00F84220 /* Sources */,
				F20E17A314980E1D00F84220 /* Frameworks */,
				F20E17A414980E1D00F84220 /* Resources */,
			);
			buildRules = (
			);
			dependencies = (
			);
			name = AreWeThereYet;
			productName = AreWeThereYet;
			productReference = F20E17A614980E1D00F84220 /* AreWeThereYet.app */;
			productType = "com.apple.product-type.application";
		};
/* End PBXNativeTarget section */

/* Begin PBXProject section */
		F20E179D14980E1D00F84220 /* Project object */ = {
			isa = PBXProject;
			attributes = {
				LastUpgradeCheck = 0420;
			};
			buildConfigurationList = F20E17A014980E1D00F84220 /* Build configuration list for PBXProject "AreWeThereYet" */;
			compatibilityVersion = "Xcode 3.2";
			developmentRegion = English;
			hasScannedForEncodings = 0;
			knownRegions = (
				en,
			);
			mainGroup = F20E179B14980E1D00F84220;
			productRefGroup = F20E17A714980E1D00F84220 /* Products */;
			projectDirPath = "";
			projectRoot = "";
			targets = (
				F20E17A514980E1D00F84220 /* AreWeThereYet */,
			);
		};
/* End PBXProject section */

/* Begin PBXResourcesBuildPhase section */
		F20E17A414980E1D00F84220 /* Resources */ = {
			isa = PBXResourcesBuildPhase;
			buildActionMask = 2147483647;
			files = (
				F20E17B714980E1D00F84220 /* InfoPlist.strings in Resources */,
				F20E17C714980E8500F84220 /* CityCycleRideLocations.plist in Resources */,
				F20E17CC14980EED00F84220 /* MapView.xib in Resources */,
				F234E7AE1498B85E0034FB9B /* 103-map.png in Resources */,
				F234E7B11498B86B0034FB9B /* 74-location.png in Resources */,
			);
			runOnlyForDeploymentPostprocessing = 0;
		};
/* End PBXResourcesBuildPhase section */

/* Begin PBXSourcesBuildPhase section */
		F20E17A214980E1D00F84220 /* Sources */ = {
			isa = PBXSourcesBuildPhase;
			buildActionMask = 2147483647;
			files = (
				F20E17B914980E1D00F84220 /* main.m in Sources */,
				F20E17BD14980E1D00F84220 /* AreWeThereYetAppDelegate.m in Sources */,
				F20E17C014980E1D00F84220 /* AreWeThereYet.xcdatamodeld in Sources */,
				F20E17CB14980EED00F84220 /* MapView.m in Sources */,
				F20E17CF14980F2000F84220 /* ListView.m in Sources */,
				F234E7B81498FBEE0034FB9B /* LocationEntityAnnotation.m in Sources */,
				F234E7C4149944F30034FB9B /* Entity.m in Sources */,
			);
			runOnlyForDeploymentPostprocessing = 0;
		};
/* End PBXSourcesBuildPhase section */

/* Begin PBXVariantGroup section */
		F20E17B514980E1D00F84220 /* InfoPlist.strings */ = {
			isa = PBXVariantGroup;
			children = (
				F20E17B614980E1D00F84220 /* en */,
			);
			name = InfoPlist.strings;
			sourceTree = "<group>";
		};
/* End PBXVariantGroup section */

/* Begin XCBuildConfiguration section */
		F20E17C114980E1D00F84220 /* Debug */ = {
			isa = XCBuildConfiguration;
			buildSettings = {
				ALWAYS_SEARCH_USER_PATHS = NO;
				ARCHS = "$(ARCHS_STANDARD_32_BIT)";
				"CODE_SIGN_IDENTITY[sdk=iphoneos*]" = "iPhone Developer";
				COPY_PHASE_STRIP = NO;
				GCC_C_LANGUAGE_STANDARD = gnu99;
				GCC_DYNAMIC_NO_PIC = NO;
				GCC_OPTIMIZATION_LEVEL = 0;
				GCC_PREPROCESSOR_DEFINITIONS = (
					"DEBUG=1",
					"$(inherited)",
				);
				GCC_SYMBOLS_PRIVATE_EXTERN = NO;
				GCC_VERSION = com.apple.compilers.llvm.clang.1_0;
				GCC_WARN_ABOUT_MISSING_PROTOTYPES = YES;
				GCC_WARN_ABOUT_RETURN_TYPE = YES;
				GCC_WARN_UNUSED_VARIABLE = YES;
				IPHONEOS_DEPLOYMENT_TARGET = 5.0;
				SDKROOT = iphoneos;
			};
			name = Debug;
		};
		F20E17C214980E1D00F84220 /* Release */ = {
			isa = XCBuildConfiguration;
			buildSettings = {
				ALWAYS_SEARCH_USER_PATHS = NO;
				ARCHS = "$(ARCHS_STANDARD_32_BIT)";
				"CODE_SIGN_IDENTITY[sdk=iphoneos*]" = "iPhone Developer";
				COPY_PHASE_STRIP = YES;
				GCC_C_LANGUAGE_STANDARD = gnu99;
				GCC_VERSION = com.apple.compilers.llvm.clang.1_0;
				GCC_WARN_ABOUT_MISSING_PROTOTYPES = YES;
				GCC_WARN_ABOUT_RETURN_TYPE = YES;
				GCC_WARN_UNUSED_VARIABLE = YES;
				IPHONEOS_DEPLOYMENT_TARGET = 5.0;
				OTHER_CFLAGS = "-DNS_BLOCK_ASSERTIONS=1";
				SDKROOT = iphoneos;
				VALIDATE_PRODUCT = YES;
			};
			name = Release;
		};
		F20E17C414980E1D00F84220 /* Debug */ = {
			isa = XCBuildConfiguration;
			buildSettings = {
				GCC_PRECOMPILE_PREFIX_HEADER = YES;
				GCC_PREFIX_HEADER = "AreWeThereYet/AreWeThereYet-Prefix.pch";
				INFOPLIST_FILE = "AreWeThereYet/AreWeThereYet-Info.plist";
				PRODUCT_NAME = "$(TARGET_NAME)";
				WRAPPER_EXTENSION = app;
			};
			name = Debug;
		};
		F20E17C514980E1D00F84220 /* Release */ = {
			isa = XCBuildConfiguration;
			buildSettings = {
				GCC_PRECOMPILE_PREFIX_HEADER = YES;
				GCC_PREFIX_HEADER = "AreWeThereYet/AreWeThereYet-Prefix.pch";
				INFOPLIST_FILE = "AreWeThereYet/AreWeThereYet-Info.plist";
				PRODUCT_NAME = "$(TARGET_NAME)";
				WRAPPER_EXTENSION = app;
			};
			name = Release;
		};
/* End XCBuildConfiguration section */

/* Begin XCConfigurationList section */
		F20E17A014980E1D00F84220 /* Build configuration list for PBXProject "AreWeThereYet" */ = {
			isa = XCConfigurationList;
			buildConfigurations = (
				F20E17C114980E1D00F84220 /* Debug */,
				F20E17C214980E1D00F84220 /* Release */,
			);
			defaultConfigurationIsVisible = 0;
			defaultConfigurationName = Release;
		};
		F20E17C314980E1D00F84220 /* Build configuration list for PBXNativeTarget "AreWeThereYet" */ = {
			isa = XCConfigurationList;
			buildConfigurations = (
				F20E17C414980E1D00F84220 /* Debug */,
				F20E17C514980E1D00F84220 /* Release */,
			);
			defaultConfigurationIsVisible = 0;
			defaultConfigurationName = Release;
		};
/* End XCConfigurationList section */

/* Begin XCVersionGroup section */
		F20E17BE14980E1D00F84220 /* AreWeThereYet.xcdatamodeld */ = {
			isa = XCVersionGroup;
			children = (
				F20E17BF14980E1D00F84220 /* AreWeThereYet.xcdatamodel */,
			);
			currentVersion = F20E17BF14980E1D00F84220 /* AreWeThereYet.xcdatamodel */;
			path = AreWeThereYet.xcdatamodeld;
			sourceTree = "<group>";
			versionGroupType = wrapper.xcdatamodel;
		};
/* End XCVersionGroup section */
	};
	rootObject = F20E179D14980E1D00F84220 /* Project object */;
}
